<?xml version="1.0" encoding="utf-8"?>
<Project ToolsVersion="4.0" xmlns="http://schemas.microsoft.com/developer/msbuild/2003">
  <ItemGroup>
    <Filter Include="src">
      <UniqueIdentifier>{e9b2b8c8-28b3-4eff-986f-98a1b2cd3417}</UniqueIdentifier>
    </Filter>
  </ItemGroup>
  <ItemGroup>
    <ClCompile Include="..\src\main.cpp">
      <Filter>src</Filter>
    </ClCompile>
    <ClCompile Include="Object.cpp">
      <Filter>src</Filter>
    </ClCompile>
    <ClCompile Include="VectorObject.cpp">
      <Filter>src</Filter>
    </ClCompile>
  </ItemGroup>
  <ItemGroup>
    <ClInclude Include="Structures.h">
      <Filter>src</Filter>
    </ClInclude>
    <ClInclude Include="Object.h">
      <Filter>src</Filter>
    </ClInclude>
    <ClInclude Include="VectorObject.h">
      <Filter>src</Filter>
    </ClInclude>
  </ItemGroup>
  <ItemGroup>
    <Text Include="README.txt">
      <Filter>src</Filter>
    </Text>
  </ItemGroup>
</Project>